
Microsoft Visual Studio Solution File, Format Version 12.00
# Visual Studio Version 16
VisualStudioVersion = 16.0.30907.101
MinimumVisualStudioVersion = 10.0.40219.1
Project("{FAE04EC0-301F-11D3-BF4B-00C04F79EFBC}") = "FristProjectIti", "FristProjectIti\FristProjectIti.csproj", "{B6CFF792-D155-4832-A4E1-966000F5866C}"
EndProject
Global
	GlobalSection(SolutionConfigurationPlatforms) = preSolution
		Debug|Any CPU = Debug|Any CPU
		Release|Any CPU = Release|Any CPU
	EndGlobalSection
	GlobalSection(ProjectConfigurationPlatforms) = postSolution
		{B6CFF792-D155-4832-A4E1-966000F5866C}.Debug|Any CPU.ActiveCfg = Debug|Any CPU
		{B6CFF792-D155-4832-A4E1-966000F5866C}.Debug|Any CPU.Build.0 = Debug|Any CPU
		{B6CFF792-D155-4832-A4E1-966000F5866C}.Release|Any CPU.ActiveCfg = Release|Any CPU
		{B6CFF792-D155-4832-A4E1-966000F5866C}.Release|Any CPU.Build.0 = Release|Any CPU
	EndGlobalSection
	GlobalSection(SolutionProperties) = preSolution
		HideSolutionNode = FALSE
	EndGlobalSection
	GlobalSection(ExtensibilityGlobals) = postSolution
		SolutionGuid = {1220695C-FA10-4118-A1A0-12EE39318872}
	EndGlobalSection
EndGlobal
