
Microsoft Visual Studio Solution File, Format Version 12.00
# Visual Studio Version 16
VisualStudioVersion = 16.0.30907.101
MinimumVisualStudioVersion = 10.0.40219.1
Project("{FAE04EC0-301F-11D3-BF4B-00C04F79EFBC}") = "Webemployee", "Webemployee\Webemployee.csproj", "{04FDEA33-F299-46A4-9F92-4012083F389E}"
EndProject
Global
	GlobalSection(SolutionConfigurationPlatforms) = preSolution
		Debug|Any CPU = Debug|Any CPU
		Release|Any CPU = Release|Any CPU
	EndGlobalSection
	GlobalSection(ProjectConfigurationPlatforms) = postSolution
		{04FDEA33-F299-46A4-9F92-4012083F389E}.Debug|Any CPU.ActiveCfg = Debug|Any CPU
		{04FDEA33-F299-46A4-9F92-4012083F389E}.Debug|Any CPU.Build.0 = Debug|Any CPU
		{04FDEA33-F299-46A4-9F92-4012083F389E}.Release|Any CPU.ActiveCfg = Release|Any CPU
		{04FDEA33-F299-46A4-9F92-4012083F389E}.Release|Any CPU.Build.0 = Release|Any CPU
	EndGlobalSection
	GlobalSection(SolutionProperties) = preSolution
		HideSolutionNode = FALSE
	EndGlobalSection
	GlobalSection(ExtensibilityGlobals) = postSolution
		SolutionGuid = {56399AED-087C-42D1-B992-305AF411F64A}
	EndGlobalSection
EndGlobal
